// !$*UTF8*$!
{archiveVersion = 1; classes = {}; objectVersion = 56; objects = {
2C9413E8534FED74E1D85E14 = {isa = PBXFileReference; lastKnownFileType = sourcecode.swift; path = "WhatWasThat/CollectionsView.swift"; sourceTree = SOURCE_ROOT;};
548218CE691F947B9AF6D5F9 = {isa = PBXBuildFile; fileRef = 2C9413E8534FED74E1D85E14;};
3AF840C22210341A3993D002 = {isa = PBXFileReference; lastKnownFileType = sourcecode.swift; path = "WhatWasThat/LibraryView.swift"; sourceTree = SOURCE_ROOT;};
52D055231344155884B484DB = {isa = PBXBuildFile; fileRef = 3AF840C22210341A3993D002;};
796808F84C3AE8AADF2B90BB = {isa = PBXFileReference; lastKnownFileType = sourcecode.swift; path = "WhatWasThat/OnboardingView.swift"; sourceTree = SOURCE_ROOT;};
0085CD39D0ED00CB31F4F725 = {isa = PBXBuildFile; fileRef = 796808F84C3AE8AADF2B90BB;};
3423F13DE6435440F09AF47F = {isa = PBXFileReference; lastKnownFileType = sourcecode.swift; path = "WhatWasThat/PickView.swift"; sourceTree = SOURCE_ROOT;};
A04A7C230DE46DD2CD1DB3CF = {isa = PBXBuildFile; fileRef = 3423F13DE6435440F09AF47F;};
06644B5B06C6F49BCFD0AF4D = {isa = PBXFileReference; lastKnownFileType = sourcecode.swift; path = "WhatWasThat/SettingsView.swift"; sourceTree = SOURCE_ROOT;};
B1D02893E044AAB426294198 = {isa = PBXBuildFile; fileRef = 06644B5B06C6F49BCFD0AF4D;};
454ABF73C9A931C89974D55D = {isa = PBXFileReference; lastKnownFileType = sourcecode.swift; path = "WhatWasThat/Store.swift"; sourceTree = SOURCE_ROOT;};
5F99A43D657E794791987FB4 = {isa = PBXBuildFile; fileRef = 454ABF73C9A931C89974D55D;};
FBD69866570D1A07F8B5A032 = {isa = PBXFileReference; lastKnownFileType = sourcecode.swift; path = "WhatWasThat/Theme.swift"; sourceTree = SOURCE_ROOT;};
D40705F02F750484DE19E526 = {isa = PBXBuildFile; fileRef = FBD69866570D1A07F8B5A032;};
234DB84B325CCEF60589D57D = {isa = PBXFileReference; lastKnownFileType = sourcecode.swift; path = "WhatWasThat/WhatWasThatApp.swift"; sourceTree = SOURCE_ROOT;};
38229C91EFEC14CF4279E7D5 = {isa = PBXBuildFile; fileRef = 234DB84B325CCEF60589D57D;};
D84CAB06303B8ECD55606D38 = {isa = PBXFileReference; lastKnownFileType = sourcecode.swift; path = "Shared/Models.swift"; sourceTree = SOURCE_ROOT;};
9DC53F1B89AC3257F44CA2DF = {isa = PBXBuildFile; fileRef = D84CAB06303B8ECD55606D38;};
B0483325F4AB6A1C5A6D10FA = {isa = PBXFileReference; lastKnownFileType = folder.assetcatalog; path = "WhatWasThat/Resources/Assets.xcassets"; sourceTree = SOURCE_ROOT;};
A35E66C3E46E66AB098A2C83 = {isa = PBXBuildFile; fileRef = B0483325F4AB6A1C5A6D10FA;};
95B381B9D718FAE021E0DCFC = {isa = PBXFileReference; lastKnownFileType = text.xml; path = "WhatWasThat/PrivacyInfo.xcprivacy"; sourceTree = SOURCE_ROOT;};
98CA85EB5618E3058248390B = {isa = PBXBuildFile; fileRef = 95B381B9D718FAE021E0DCFC;};
A32E5B699FA803E300275398 = {isa = PBXGroup; children = (2C9413E8534FED74E1D85E14, 3AF840C22210341A3993D002, 796808F84C3AE8AADF2B90BB, 3423F13DE6435440F09AF47F, 06644B5B06C6F49BCFD0AF4D, 454ABF73C9A931C89974D55D, FBD69866570D1A07F8B5A032, 234DB84B325CCEF60589D57D, D84CAB06303B8ECD55606D38, B0483325F4AB6A1C5A6D10FA, 95B381B9D718FAE021E0DCFC); name = WhatWasThat; sourceTree = "<group>";};
D3D2360464602DE7564E7F77 = {isa = PBXSourcesBuildPhase; buildActionMask = 2147483647; files = (548218CE691F947B9AF6D5F9, 52D055231344155884B484DB, 0085CD39D0ED00CB31F4F725, A04A7C230DE46DD2CD1DB3CF, B1D02893E044AAB426294198, 5F99A43D657E794791987FB4, D40705F02F750484DE19E526, 38229C91EFEC14CF4279E7D5, 9DC53F1B89AC3257F44CA2DF); runOnlyForDeploymentPostprocessing = 0;};
A4F9687F96A311E39810D6CE = {isa = PBXResourcesBuildPhase; buildActionMask = 2147483647; files = (A35E66C3E46E66AB098A2C83, 98CA85EB5618E3058248390B); runOnlyForDeploymentPostprocessing = 0;};
027B30A2712543A021D445CA = {isa = PBXFrameworksBuildPhase; buildActionMask = 2147483647; files = (); runOnlyForDeploymentPostprocessing = 0;};
BA287055B39C03AAF1A6BF23 = {isa = PBXFileReference; explicitFileType = wrapper.application; path = WhatWasThat.app; sourceTree = BUILT_PRODUCTS_DIR;};
0768073BE0EC63BCABB10100 = {isa = XCBuildConfiguration; buildSettings = {PRODUCT_BUNDLE_IDENTIFIER = com.platret.whatwasthat; PRODUCT_NAME = "$(TARGET_NAME)"; SWIFT_VERSION = 5.0; IPHONEOS_DEPLOYMENT_TARGET = 26.0; TARGETED_DEVICE_FAMILY = 1; SDKROOT = iphoneos; SUPPORTED_PLATFORMS = "iphoneos iphonesimulator"; GENERATE_INFOPLIST_FILE = YES; CODE_SIGN_STYLE = Automatic; SWIFT_ACTIVE_COMPILATION_CONDITIONS = DEBUG; SWIFT_EMIT_LOC_STRINGS = YES; SWIFT_STRICT_CONCURRENCY = complete; SWIFT_OPTIMIZATION_LEVEL = "-Onone"; DEBUG_INFORMATION_FORMAT = dwarf; DEVELOPMENT_TEAM = 9R9YA6B34L; MARKETING_VERSION = 1.0; CURRENT_PROJECT_VERSION = 3; WWT_APP_GROUP = group.com.platret.whatwasthat.shared; CODE_SIGN_ENTITLEMENTS = WhatWasThat/WhatWasThat.entitlements; ASSETCATALOG_COMPILER_APPICON_NAME = AppIcon; INFOPLIST_FILE = WhatWasThat/Info.plist; INFOPLIST_KEY_CFBundleDisplayName = "What Was That?"; INFOPLIST_KEY_LSApplicationCategoryType = "public.app-category.lifestyle"; INFOPLIST_KEY_UIApplicationSceneManifest_Generation = YES; INFOPLIST_KEY_UILaunchScreen_Generation = YES; INFOPLIST_KEY_UISupportedInterfaceOrientations = "UIInterfaceOrientationPortrait"; ENABLE_PREVIEWS = YES;}; name = Debug;};
15D157268987DCF3AFF46B1D = {isa = XCBuildConfiguration; buildSettings = {PRODUCT_BUNDLE_IDENTIFIER = com.platret.whatwasthat; PRODUCT_NAME = "$(TARGET_NAME)"; SWIFT_VERSION = 5.0; IPHONEOS_DEPLOYMENT_TARGET = 26.0; TARGETED_DEVICE_FAMILY = 1; SDKROOT = iphoneos; SUPPORTED_PLATFORMS = "iphoneos iphonesimulator"; GENERATE_INFOPLIST_FILE = YES; CODE_SIGN_STYLE = Automatic; SWIFT_ACTIVE_COMPILATION_CONDITIONS = ""; SWIFT_EMIT_LOC_STRINGS = YES; SWIFT_STRICT_CONCURRENCY = complete; SWIFT_OPTIMIZATION_LEVEL = "-O"; DEBUG_INFORMATION_FORMAT = "dwarf-with-dsym"; DEVELOPMENT_TEAM = 9R9YA6B34L; MARKETING_VERSION = 1.0; CURRENT_PROJECT_VERSION = 3; WWT_APP_GROUP = group.com.platret.whatwasthat.shared; CODE_SIGN_ENTITLEMENTS = WhatWasThat/WhatWasThat.entitlements; ASSETCATALOG_COMPILER_APPICON_NAME = AppIcon; INFOPLIST_FILE = WhatWasThat/Info.plist; INFOPLIST_KEY_CFBundleDisplayName = "What Was That?"; INFOPLIST_KEY_LSApplicationCategoryType = "public.app-category.lifestyle"; INFOPLIST_KEY_UIApplicationSceneManifest_Generation = YES; INFOPLIST_KEY_UILaunchScreen_Generation = YES; INFOPLIST_KEY_UISupportedInterfaceOrientations = "UIInterfaceOrientationPortrait"; ENABLE_PREVIEWS = YES;}; name = Release;};
26DB5A2AC367029F630F2485 = {isa = XCConfigurationList; buildConfigurations = (0768073BE0EC63BCABB10100, 15D157268987DCF3AFF46B1D); defaultConfigurationIsVisible = 0; defaultConfigurationName = Release;};
C38D4571D6816E3F6839BB93 = {isa = PBXBuildFile; fileRef = EEEE8646562D4C795EF209F8; settings = {ATTRIBUTES = (RemoveHeadersOnCopy);};};
499C7DE7BA43DC18CDDB0938 = {isa = PBXTargetDependency; target = EBFE6217A3EA934A016C0E1B;};
750AF8B558936E3AECB9A82F = {isa = PBXCopyFilesBuildPhase; buildActionMask = 2147483647; dstPath = ""; dstSubfolderSpec = 13; files = (C38D4571D6816E3F6839BB93); name = "Embed App Extensions"; runOnlyForDeploymentPostprocessing = 0;};
4F28CFFAE1449C58F69B3B98 = {isa = PBXNativeTarget; buildConfigurationList = 26DB5A2AC367029F630F2485; buildPhases = (D3D2360464602DE7564E7F77, 027B30A2712543A021D445CA, A4F9687F96A311E39810D6CE, 750AF8B558936E3AECB9A82F); buildRules = (); dependencies = (499C7DE7BA43DC18CDDB0938); name = WhatWasThat; productName = WhatWasThat; productReference = BA287055B39C03AAF1A6BF23; productType = "com.apple.product-type.application";};
7EEA4AEA4B29E716A7C5EA12 = {isa = PBXFileReference; lastKnownFileType = sourcecode.swift; path = "WhatWasThatWidgets/WhatWasThatWidgets.swift"; sourceTree = SOURCE_ROOT;};
EE4273F40A521CDC07496396 = {isa = PBXBuildFile; fileRef = 7EEA4AEA4B29E716A7C5EA12;};
4AE382B8A00273E621DC10AB = {isa = PBXFileReference; lastKnownFileType = sourcecode.swift; path = "Shared/Models.swift"; sourceTree = SOURCE_ROOT;};
A3C7FF64A6F76448AFC1E754 = {isa = PBXBuildFile; fileRef = 4AE382B8A00273E621DC10AB;};
64814151A73E081A9F74F582 = {isa = PBXFileReference; lastKnownFileType = text.xml; path = "WhatWasThatWidgets/PrivacyInfo.xcprivacy"; sourceTree = SOURCE_ROOT;};
63803D01B1847B7FC9B29629 = {isa = PBXBuildFile; fileRef = 64814151A73E081A9F74F582;};
0264A9BAEF96C285433663FB = {isa = PBXGroup; children = (7EEA4AEA4B29E716A7C5EA12, 4AE382B8A00273E621DC10AB, 64814151A73E081A9F74F582); name = WhatWasThatWidgets; sourceTree = "<group>";};
97FADA2A990F9342B872DD06 = {isa = PBXSourcesBuildPhase; buildActionMask = 2147483647; files = (EE4273F40A521CDC07496396, A3C7FF64A6F76448AFC1E754); runOnlyForDeploymentPostprocessing = 0;};
C74D11F3EA290FA43F9FC5BD = {isa = PBXResourcesBuildPhase; buildActionMask = 2147483647; files = (63803D01B1847B7FC9B29629); runOnlyForDeploymentPostprocessing = 0;};
40E94E4C71BFF82FE09D73C8 = {isa = PBXFrameworksBuildPhase; buildActionMask = 2147483647; files = (); runOnlyForDeploymentPostprocessing = 0;};
EEEE8646562D4C795EF209F8 = {isa = PBXFileReference; explicitFileType = wrapper.app-extension; path = WhatWasThatWidgets.appex; sourceTree = BUILT_PRODUCTS_DIR;};
10FC132A84E6947EEF951D26 = {isa = XCBuildConfiguration; buildSettings = {PRODUCT_BUNDLE_IDENTIFIER = com.platret.whatwasthat.WhatWasThatWidgets; PRODUCT_NAME = "$(TARGET_NAME)"; SWIFT_VERSION = 5.0; IPHONEOS_DEPLOYMENT_TARGET = 26.0; TARGETED_DEVICE_FAMILY = 1; SDKROOT = iphoneos; SUPPORTED_PLATFORMS = "iphoneos iphonesimulator"; GENERATE_INFOPLIST_FILE = YES; CODE_SIGN_STYLE = Automatic; SWIFT_ACTIVE_COMPILATION_CONDITIONS = DEBUG; SWIFT_EMIT_LOC_STRINGS = YES; SWIFT_STRICT_CONCURRENCY = complete; SWIFT_OPTIMIZATION_LEVEL = "-Onone"; DEBUG_INFORMATION_FORMAT = dwarf; DEVELOPMENT_TEAM = 9R9YA6B34L; MARKETING_VERSION = 1.0; CURRENT_PROJECT_VERSION = 3; WWT_APP_GROUP = group.com.platret.whatwasthat.shared; CODE_SIGN_ENTITLEMENTS = WhatWasThatWidgets/WhatWasThatWidgets.entitlements; INFOPLIST_FILE = WhatWasThatWidgets/Info.plist; APPLICATION_EXTENSION_API_ONLY = YES; SKIP_INSTALL = YES;}; name = Debug;};
BE0C7B7D59CFEE7E091ADE1C = {isa = XCBuildConfiguration; buildSettings = {PRODUCT_BUNDLE_IDENTIFIER = com.platret.whatwasthat.WhatWasThatWidgets; PRODUCT_NAME = "$(TARGET_NAME)"; SWIFT_VERSION = 5.0; IPHONEOS_DEPLOYMENT_TARGET = 26.0; TARGETED_DEVICE_FAMILY = 1; SDKROOT = iphoneos; SUPPORTED_PLATFORMS = "iphoneos iphonesimulator"; GENERATE_INFOPLIST_FILE = YES; CODE_SIGN_STYLE = Automatic; SWIFT_ACTIVE_COMPILATION_CONDITIONS = ""; SWIFT_EMIT_LOC_STRINGS = YES; SWIFT_STRICT_CONCURRENCY = complete; SWIFT_OPTIMIZATION_LEVEL = "-O"; DEBUG_INFORMATION_FORMAT = "dwarf-with-dsym"; DEVELOPMENT_TEAM = 9R9YA6B34L; MARKETING_VERSION = 1.0; CURRENT_PROJECT_VERSION = 3; WWT_APP_GROUP = group.com.platret.whatwasthat.shared; CODE_SIGN_ENTITLEMENTS = WhatWasThatWidgets/WhatWasThatWidgets.entitlements; INFOPLIST_FILE = WhatWasThatWidgets/Info.plist; APPLICATION_EXTENSION_API_ONLY = YES; SKIP_INSTALL = YES;}; name = Release;};
09E0F719ABE10BCBF412040B = {isa = XCConfigurationList; buildConfigurations = (10FC132A84E6947EEF951D26, BE0C7B7D59CFEE7E091ADE1C); defaultConfigurationIsVisible = 0; defaultConfigurationName = Release;};
EBFE6217A3EA934A016C0E1B = {isa = PBXNativeTarget; buildConfigurationList = 09E0F719ABE10BCBF412040B; buildPhases = (97FADA2A990F9342B872DD06, 40E94E4C71BFF82FE09D73C8, C74D11F3EA290FA43F9FC5BD); buildRules = (); dependencies = (); name = WhatWasThatWidgets; productName = WhatWasThatWidgets; productReference = EEEE8646562D4C795EF209F8; productType = "com.apple.product-type.app-extension";};
3671EB715C5CB5D0EF963FC8 = {isa = PBXFileReference; lastKnownFileType = sourcecode.swift; path = "WhatWasThatTests/LibraryTests.swift"; sourceTree = SOURCE_ROOT;};
E90E2291B97BBC6000E40407 = {isa = PBXBuildFile; fileRef = 3671EB715C5CB5D0EF963FC8;};
3D8CC931C825AF6F51D909B1 = {isa = PBXGroup; children = (3671EB715C5CB5D0EF963FC8); name = WhatWasThatTests; sourceTree = "<group>";};
BF68E62046218D7D0EF276FA = {isa = PBXSourcesBuildPhase; buildActionMask = 2147483647; files = (E90E2291B97BBC6000E40407); runOnlyForDeploymentPostprocessing = 0;};
4F4B4031CF9C98126CC16E18 = {isa = PBXResourcesBuildPhase; buildActionMask = 2147483647; files = (); runOnlyForDeploymentPostprocessing = 0;};
8DC3F53D2101FE5484635AD7 = {isa = PBXFrameworksBuildPhase; buildActionMask = 2147483647; files = (); runOnlyForDeploymentPostprocessing = 0;};
66E67773520F5C23E6E52D53 = {isa = PBXFileReference; explicitFileType = wrapper.cfbundle; path = WhatWasThatTests.xctest; sourceTree = BUILT_PRODUCTS_DIR;};
DF31003E9CC982B35BD80783 = {isa = XCBuildConfiguration; buildSettings = {PRODUCT_BUNDLE_IDENTIFIER = com.platret.whatwasthat.WhatWasThatTests; PRODUCT_NAME = "$(TARGET_NAME)"; SWIFT_VERSION = 5.0; IPHONEOS_DEPLOYMENT_TARGET = 26.0; TARGETED_DEVICE_FAMILY = 1; SDKROOT = iphoneos; SUPPORTED_PLATFORMS = "iphoneos iphonesimulator"; GENERATE_INFOPLIST_FILE = YES; CODE_SIGN_STYLE = Automatic; SWIFT_ACTIVE_COMPILATION_CONDITIONS = DEBUG; SWIFT_EMIT_LOC_STRINGS = YES; SWIFT_STRICT_CONCURRENCY = complete; SWIFT_OPTIMIZATION_LEVEL = "-Onone"; DEBUG_INFORMATION_FORMAT = dwarf; DEVELOPMENT_TEAM = 9R9YA6B34L; TEST_HOST = "$(BUILT_PRODUCTS_DIR)/WhatWasThat.app/$(BUNDLE_EXECUTABLE_FOLDER_PATH)/WhatWasThat"; BUNDLE_LOADER = "$(TEST_HOST)";}; name = Debug;};
4717C348D8C734B956660C57 = {isa = XCBuildConfiguration; buildSettings = {PRODUCT_BUNDLE_IDENTIFIER = com.platret.whatwasthat.WhatWasThatTests; PRODUCT_NAME = "$(TARGET_NAME)"; SWIFT_VERSION = 5.0; IPHONEOS_DEPLOYMENT_TARGET = 26.0; TARGETED_DEVICE_FAMILY = 1; SDKROOT = iphoneos; SUPPORTED_PLATFORMS = "iphoneos iphonesimulator"; GENERATE_INFOPLIST_FILE = YES; CODE_SIGN_STYLE = Automatic; SWIFT_ACTIVE_COMPILATION_CONDITIONS = ""; SWIFT_EMIT_LOC_STRINGS = YES; SWIFT_STRICT_CONCURRENCY = complete; SWIFT_OPTIMIZATION_LEVEL = "-O"; DEBUG_INFORMATION_FORMAT = "dwarf-with-dsym"; DEVELOPMENT_TEAM = 9R9YA6B34L; TEST_HOST = "$(BUILT_PRODUCTS_DIR)/WhatWasThat.app/$(BUNDLE_EXECUTABLE_FOLDER_PATH)/WhatWasThat"; BUNDLE_LOADER = "$(TEST_HOST)";}; name = Release;};
215B5352FC6B423C09D9FCBC = {isa = XCConfigurationList; buildConfigurations = (DF31003E9CC982B35BD80783, 4717C348D8C734B956660C57); defaultConfigurationIsVisible = 0; defaultConfigurationName = Release;};
7F3C78FD4039854F5665D729 = {isa = PBXContainerItemProxy; containerPortal = 98F54143AB4E86B28C3AFEE0; proxyType = 1; remoteGlobalIDString = 4F28CFFAE1449C58F69B3B98; remoteInfo = WhatWasThat;};
C6F58ADFF8DC263A04685D4B = {isa = PBXTargetDependency; target = 4F28CFFAE1449C58F69B3B98; targetProxy = 7F3C78FD4039854F5665D729;};
9B1A5AC38235F95F1F188091 = {isa = PBXNativeTarget; buildConfigurationList = 215B5352FC6B423C09D9FCBC; buildPhases = (BF68E62046218D7D0EF276FA, 8DC3F53D2101FE5484635AD7, 4F4B4031CF9C98126CC16E18); buildRules = (); dependencies = (C6F58ADFF8DC263A04685D4B); name = WhatWasThatTests; productName = WhatWasThatTests; productReference = 66E67773520F5C23E6E52D53; productType = "com.apple.product-type.bundle.unit-test";};
F4A3D3F188D7FB1FD468DBE7 = {isa = PBXFileReference; lastKnownFileType = sourcecode.swift; path = "WhatWasThatUITests/JourneyTests.swift"; sourceTree = SOURCE_ROOT;};
DA5BEFD21CBF00BB95DF746A = {isa = PBXBuildFile; fileRef = F4A3D3F188D7FB1FD468DBE7;};
1A50FF4E1736F5CD86AE1EB0 = {isa = PBXGroup; children = (F4A3D3F188D7FB1FD468DBE7); name = WhatWasThatUITests; sourceTree = "<group>";};
3E69305BC8D60F947C27A473 = {isa = PBXSourcesBuildPhase; buildActionMask = 2147483647; files = (DA5BEFD21CBF00BB95DF746A); runOnlyForDeploymentPostprocessing = 0;};
412AC122CF6A16537BE7406C = {isa = PBXResourcesBuildPhase; buildActionMask = 2147483647; files = (); runOnlyForDeploymentPostprocessing = 0;};
B50CC40CF77F13E28A0973CA = {isa = PBXFrameworksBuildPhase; buildActionMask = 2147483647; files = (); runOnlyForDeploymentPostprocessing = 0;};
C5748BF7FF440D29D5F807A5 = {isa = PBXFileReference; explicitFileType = wrapper.cfbundle; path = WhatWasThatUITests.xctest; sourceTree = BUILT_PRODUCTS_DIR;};
34EEA2CA4392DD40C5234997 = {isa = XCBuildConfiguration; buildSettings = {PRODUCT_BUNDLE_IDENTIFIER = com.platret.whatwasthat.WhatWasThatUITests; PRODUCT_NAME = "$(TARGET_NAME)"; SWIFT_VERSION = 5.0; IPHONEOS_DEPLOYMENT_TARGET = 26.0; TARGETED_DEVICE_FAMILY = 1; SDKROOT = iphoneos; SUPPORTED_PLATFORMS = "iphoneos iphonesimulator"; GENERATE_INFOPLIST_FILE = YES; CODE_SIGN_STYLE = Automatic; SWIFT_ACTIVE_COMPILATION_CONDITIONS = DEBUG; SWIFT_EMIT_LOC_STRINGS = YES; SWIFT_STRICT_CONCURRENCY = complete; SWIFT_OPTIMIZATION_LEVEL = "-Onone"; DEBUG_INFORMATION_FORMAT = dwarf; DEVELOPMENT_TEAM = 9R9YA6B34L; TEST_TARGET_NAME = WhatWasThat;}; name = Debug;};
C6616D54D29FD8057F4A3A48 = {isa = XCBuildConfiguration; buildSettings = {PRODUCT_BUNDLE_IDENTIFIER = com.platret.whatwasthat.WhatWasThatUITests; PRODUCT_NAME = "$(TARGET_NAME)"; SWIFT_VERSION = 5.0; IPHONEOS_DEPLOYMENT_TARGET = 26.0; TARGETED_DEVICE_FAMILY = 1; SDKROOT = iphoneos; SUPPORTED_PLATFORMS = "iphoneos iphonesimulator"; GENERATE_INFOPLIST_FILE = YES; CODE_SIGN_STYLE = Automatic; SWIFT_ACTIVE_COMPILATION_CONDITIONS = ""; SWIFT_EMIT_LOC_STRINGS = YES; SWIFT_STRICT_CONCURRENCY = complete; SWIFT_OPTIMIZATION_LEVEL = "-O"; DEBUG_INFORMATION_FORMAT = "dwarf-with-dsym"; DEVELOPMENT_TEAM = 9R9YA6B34L; TEST_TARGET_NAME = WhatWasThat;}; name = Release;};
15E4F2D8BD60971540B55742 = {isa = XCConfigurationList; buildConfigurations = (34EEA2CA4392DD40C5234997, C6616D54D29FD8057F4A3A48); defaultConfigurationIsVisible = 0; defaultConfigurationName = Release;};
2C764AE58610C12CF6ABC4AA = {isa = PBXContainerItemProxy; containerPortal = 98F54143AB4E86B28C3AFEE0; proxyType = 1; remoteGlobalIDString = 4F28CFFAE1449C58F69B3B98; remoteInfo = WhatWasThat;};
84CA789738E38879DF43C039 = {isa = PBXTargetDependency; target = 4F28CFFAE1449C58F69B3B98; targetProxy = 2C764AE58610C12CF6ABC4AA;};
D98132EE2AD36458586A5FEF = {isa = PBXNativeTarget; buildConfigurationList = 15E4F2D8BD60971540B55742; buildPhases = (3E69305BC8D60F947C27A473, B50CC40CF77F13E28A0973CA, 412AC122CF6A16537BE7406C); buildRules = (); dependencies = (84CA789738E38879DF43C039); name = WhatWasThatUITests; productName = WhatWasThatUITests; productReference = C5748BF7FF440D29D5F807A5; productType = "com.apple.product-type.bundle.ui-testing";};
FBDC4F23F93125BBEEAE800C = {isa = PBXGroup; children = (BA287055B39C03AAF1A6BF23, EEEE8646562D4C795EF209F8, 66E67773520F5C23E6E52D53, C5748BF7FF440D29D5F807A5); name = Products; sourceTree = "<group>";};
B28B7AF69320201D1CF206EB = {isa = PBXGroup; children = (A32E5B699FA803E300275398, 0264A9BAEF96C285433663FB, 3D8CC931C825AF6F51D909B1, 1A50FF4E1736F5CD86AE1EB0, FBDC4F23F93125BBEEAE800C); sourceTree = "<group>";};
AB52CB08E0FDF02BF6C67C33 = {isa = XCBuildConfiguration; buildSettings = {CLANG_ENABLE_MODULES = YES; ENABLE_TESTABILITY = YES;}; name = Debug;};
5283471FF90C511CFE244FFF = {isa = XCBuildConfiguration; buildSettings = {CLANG_ENABLE_MODULES = YES; ENABLE_TESTABILITY = YES;}; name = Release;};
640DC9EFD529235A8D9E2727 = {isa = XCConfigurationList; buildConfigurations = (AB52CB08E0FDF02BF6C67C33, 5283471FF90C511CFE244FFF); defaultConfigurationIsVisible = 0; defaultConfigurationName = Release;};
98F54143AB4E86B28C3AFEE0 = {isa = PBXProject; attributes = {BuildIndependentTargetsInParallel = YES; LastSwiftUpdateCheck = 2600; LastUpgradeCheck = 2600;}; buildConfigurationList = 640DC9EFD529235A8D9E2727; compatibilityVersion = "Xcode 14.0"; developmentRegion = en; hasScannedForEncodings = 0; knownRegions = (de, en, Base); mainGroup = B28B7AF69320201D1CF206EB; productRefGroup = FBDC4F23F93125BBEEAE800C; projectDirPath = ""; projectRoot = ""; targets = (4F28CFFAE1449C58F69B3B98, EBFE6217A3EA934A016C0E1B, 9B1A5AC38235F95F1F188091, D98132EE2AD36458586A5FEF);};
}; rootObject = 98F54143AB4E86B28C3AFEE0;}
